
Microsoft Visual Studio Solution File, Format Version 12.00
# Visual Studio Version 16
VisualStudioVersion = 16.0.29519.87
MinimumVisualStudioVersion = 10.0.40219.1
Project("{FAE04EC0-301F-11D3-BF4B-00C04F79EFBC}") = "StreamingCbor", "StreamingCbor.csproj", "{EDBA199F-B9D2-4D90-A08A-788F776281F9}"
EndProject
Global
	GlobalSection(SolutionConfigurationPlatforms) = preSolution
		Debug|Any CPU = Debug|Any CPU
		Release|Any CPU = Release|Any CPU
	EndGlobalSection
	GlobalSection(ProjectConfigurationPlatforms) = postSolution
		{EDBA199F-B9D2-4D90-A08A-788F776281F9}.Debug|Any CPU.ActiveCfg = Debug|Any CPU
		{EDBA199F-B9D2-4D90-A08A-788F776281F9}.Debug|Any CPU.Build.0 = Debug|Any CPU
		{EDBA199F-B9D2-4D90-A08A-788F776281F9}.Release|Any CPU.ActiveCfg = Release|Any CPU
		{EDBA199F-B9D2-4D90-A08A-788F776281F9}.Release|Any CPU.Build.0 = Release|Any CPU
	EndGlobalSection
	GlobalSection(SolutionProperties) = preSolution
		HideSolutionNode = FALSE
	EndGlobalSection
	GlobalSection(ExtensibilityGlobals) = postSolution
		SolutionGuid = {8B981F13-C5A1-421C-8135-3755DD5E32E4}
	EndGlobalSection
EndGlobal
